
Microsoft Visual Studio Solution File, Format Version 12.00
# Visual Studio 2013
VisualStudioVersion = 12.0.30501.0
MinimumVisualStudioVersion = 10.0.40219.1
Project("{2150E333-8FDC-42A3-9474-1A3956D46DE8}") = ".nuget", ".nuget", "{8CCF2938-C4DE-4F54-A63D-2C5402C96F1F}"
	ProjectSection(SolutionItems) = preProject
		.nuget\NuGet.Config = .nuget\NuGet.Config
		.nuget\NuGet.exe = .nuget\NuGet.exe
		.nuget\NuGet.targets = .nuget\NuGet.targets
	EndProjectSection
EndProject
Project("{FAE04EC0-301F-11D3-BF4B-00C04F79EFBC}") = "VirtualObjects.Tests", "VirtualObjects.Tests\VirtualObjects.Tests.csproj", "{836BD9AD-6775-47B1-9996-9D6E55D6E6E4}"
EndProject
Project("{FAE04EC0-301F-11D3-BF4B-00C04F79EFBC}") = "VirtualObjects", "VirtualObjects\VirtualObjects.csproj", "{C1DC7907-F05A-476F-98B2-8B25DF440061}"
EndProject
Project("{FAE04EC0-301F-11D3-BF4B-00C04F79EFBC}") = "VirtualObjects.Scaffolders", "VirtualObjects.Scaffolders\VirtualObjects.Scaffolders.csproj", "{D84E29AF-ABDE-4099-BA4A-3EB4C3FC1CF0}"
EndProject
Global
	GlobalSection(SolutionConfigurationPlatforms) = preSolution
		Debug|Any CPU = Debug|Any CPU
		Performance|Any CPU = Performance|Any CPU
		Release 4.0|Any CPU = Release 4.0|Any CPU
		Release 4.5|Any CPU = Release 4.5|Any CPU
		Release|Any CPU = Release|Any CPU
	EndGlobalSection
	GlobalSection(ProjectConfigurationPlatforms) = postSolution
		{836BD9AD-6775-47B1-9996-9D6E55D6E6E4}.Debug|Any CPU.ActiveCfg = Debug|Any CPU
		{836BD9AD-6775-47B1-9996-9D6E55D6E6E4}.Debug|Any CPU.Build.0 = Debug|Any CPU
		{836BD9AD-6775-47B1-9996-9D6E55D6E6E4}.Performance|Any CPU.ActiveCfg = Performance|Any CPU
		{836BD9AD-6775-47B1-9996-9D6E55D6E6E4}.Performance|Any CPU.Build.0 = Performance|Any CPU
		{836BD9AD-6775-47B1-9996-9D6E55D6E6E4}.Release 4.0|Any CPU.ActiveCfg = Release|Any CPU
		{836BD9AD-6775-47B1-9996-9D6E55D6E6E4}.Release 4.0|Any CPU.Build.0 = Release|Any CPU
		{836BD9AD-6775-47B1-9996-9D6E55D6E6E4}.Release 4.5|Any CPU.ActiveCfg = Release|Any CPU
		{836BD9AD-6775-47B1-9996-9D6E55D6E6E4}.Release 4.5|Any CPU.Build.0 = Release|Any CPU
		{836BD9AD-6775-47B1-9996-9D6E55D6E6E4}.Release|Any CPU.ActiveCfg = Release|Any CPU
		{836BD9AD-6775-47B1-9996-9D6E55D6E6E4}.Release|Any CPU.Build.0 = Release|Any CPU
		{C1DC7907-F05A-476F-98B2-8B25DF440061}.Debug|Any CPU.ActiveCfg = Debug 4.5|Any CPU
		{C1DC7907-F05A-476F-98B2-8B25DF440061}.Debug|Any CPU.Build.0 = Debug 4.5|Any CPU
		{C1DC7907-F05A-476F-98B2-8B25DF440061}.Performance|Any CPU.ActiveCfg = Performance|Any CPU
		{C1DC7907-F05A-476F-98B2-8B25DF440061}.Performance|Any CPU.Build.0 = Performance|Any CPU
		{C1DC7907-F05A-476F-98B2-8B25DF440061}.Release 4.0|Any CPU.ActiveCfg = Release 4.0|Any CPU
		{C1DC7907-F05A-476F-98B2-8B25DF440061}.Release 4.0|Any CPU.Build.0 = Release 4.0|Any CPU
		{C1DC7907-F05A-476F-98B2-8B25DF440061}.Release 4.5|Any CPU.ActiveCfg = Release 4.5|Any CPU
		{C1DC7907-F05A-476F-98B2-8B25DF440061}.Release 4.5|Any CPU.Build.0 = Release 4.5|Any CPU
		{C1DC7907-F05A-476F-98B2-8B25DF440061}.Release|Any CPU.ActiveCfg = Release 4.5|Any CPU
		{C1DC7907-F05A-476F-98B2-8B25DF440061}.Release|Any CPU.Build.0 = Release 4.5|Any CPU
		{D84E29AF-ABDE-4099-BA4A-3EB4C3FC1CF0}.Debug|Any CPU.ActiveCfg = Debug|Any CPU
		{D84E29AF-ABDE-4099-BA4A-3EB4C3FC1CF0}.Debug|Any CPU.Build.0 = Debug|Any CPU
		{D84E29AF-ABDE-4099-BA4A-3EB4C3FC1CF0}.Performance|Any CPU.ActiveCfg = Release|Any CPU
		{D84E29AF-ABDE-4099-BA4A-3EB4C3FC1CF0}.Performance|Any CPU.Build.0 = Release|Any CPU
		{D84E29AF-ABDE-4099-BA4A-3EB4C3FC1CF0}.Release 4.0|Any CPU.ActiveCfg = Release|Any CPU
		{D84E29AF-ABDE-4099-BA4A-3EB4C3FC1CF0}.Release 4.0|Any CPU.Build.0 = Release|Any CPU
		{D84E29AF-ABDE-4099-BA4A-3EB4C3FC1CF0}.Release 4.5|Any CPU.ActiveCfg = Release|Any CPU
		{D84E29AF-ABDE-4099-BA4A-3EB4C3FC1CF0}.Release 4.5|Any CPU.Build.0 = Release|Any CPU
		{D84E29AF-ABDE-4099-BA4A-3EB4C3FC1CF0}.Release|Any CPU.ActiveCfg = Release|Any CPU
		{D84E29AF-ABDE-4099-BA4A-3EB4C3FC1CF0}.Release|Any CPU.Build.0 = Release|Any CPU
	EndGlobalSection
	GlobalSection(SolutionProperties) = preSolution
		HideSolutionNode = FALSE
	EndGlobalSection
EndGlobal
